
Microsoft Visual Studio Solution File, Format Version 12.00
# Visual Studio Version 17
VisualStudioVersion = 17.14.37012.4 d17.14
MinimumVisualStudioVersion = 10.0.40219.1
Project("{FAE04EC0-301F-11D3-BF4B-00C04F79EFBC}") = "simpleprojectAPI", "simpleprojectAPI\simpleprojectAPI.csproj", "{5B8E6C7F-8C77-4F5E-898C-B821D32A4C34}"
EndProject
Global
	GlobalSection(SolutionConfigurationPlatforms) = preSolution
		Debug|Any CPU = Debug|Any CPU
		Release|Any CPU = Release|Any CPU
	EndGlobalSection
	GlobalSection(ProjectConfigurationPlatforms) = postSolution
		{5B8E6C7F-8C77-4F5E-898C-B821D32A4C34}.Debug|Any CPU.ActiveCfg = Debug|Any CPU
		{5B8E6C7F-8C77-4F5E-898C-B821D32A4C34}.Debug|Any CPU.Build.0 = Debug|Any CPU
		{5B8E6C7F-8C77-4F5E-898C-B821D32A4C34}.Release|Any CPU.ActiveCfg = Release|Any CPU
		{5B8E6C7F-8C77-4F5E-898C-B821D32A4C34}.Release|Any CPU.Build.0 = Release|Any CPU
	EndGlobalSection
	GlobalSection(SolutionProperties) = preSolution
		HideSolutionNode = FALSE
	EndGlobalSection
	GlobalSection(ExtensibilityGlobals) = postSolution
		SolutionGuid = {4272DB14-C36D-4E1C-A71E-603FFC9590E6}
	EndGlobalSection
EndGlobal
